
Microsoft Visual Studio Solution File, Format Version 12.00
# Visual Studio Version 17
VisualStudioVersion = 17.4.33110.190
MinimumVisualStudioVersion = 10.0.40219.1
Project("{9A19103F-16F7-4668-BE54-9A1E7A4F7556}") = "WebApi", "RateLimitingSample\WebApi.csproj", "{2786E874-3CCB-4F37-802B-361F1425162C}"
EndProject
Project("{9A19103F-16F7-4668-BE54-9A1E7A4F7556}") = "UnitTests", "UnitTests\UnitTests.csproj", "{35B26989-D9EF-437D-999F-7FDB1FD93107}"
EndProject
Project("{9A19103F-16F7-4668-BE54-9A1E7A4F7556}") = "IntegrationTests", "IntegrationTests\IntegrationTests.csproj", "{59F5D46A-1C30-4CBC-AA41-F5518D535298}"
EndProject
Project("{2150E333-8FDC-42A3-9474-1A3956D46DE8}") = "Tests", "Tests", "{55A5B159-A92D-43C4-BE31-DAB4190ED9EF}"
EndProject
Project("{9A19103F-16F7-4668-BE54-9A1E7A4F7556}") = "LoadTests", "LoadTests\LoadTests.csproj", "{977BA1E4-C89D-46B7-80A5-12F3ADF439A6}"
EndProject
Project("{2150E333-8FDC-42A3-9474-1A3956D46DE8}") = "Solution Items", "Solution Items", "{3BBF0942-A17D-4CA3-942E-895FDA636DD9}"
	ProjectSection(SolutionItems) = preProject
		LoadReports\NBomber-MSSQLDB.pdf = LoadReports\NBomber-MSSQLDB.pdf
	EndProjectSection
EndProject
Global
	GlobalSection(SolutionConfigurationPlatforms) = preSolution
		Debug|Any CPU = Debug|Any CPU
		Release|Any CPU = Release|Any CPU
	EndGlobalSection
	GlobalSection(ProjectConfigurationPlatforms) = postSolution
		{2786E874-3CCB-4F37-802B-361F1425162C}.Debug|Any CPU.ActiveCfg = Debug|Any CPU
		{2786E874-3CCB-4F37-802B-361F1425162C}.Debug|Any CPU.Build.0 = Debug|Any CPU
		{2786E874-3CCB-4F37-802B-361F1425162C}.Release|Any CPU.ActiveCfg = Release|Any CPU
		{2786E874-3CCB-4F37-802B-361F1425162C}.Release|Any CPU.Build.0 = Release|Any CPU
		{35B26989-D9EF-437D-999F-7FDB1FD93107}.Debug|Any CPU.ActiveCfg = Debug|Any CPU
		{35B26989-D9EF-437D-999F-7FDB1FD93107}.Debug|Any CPU.Build.0 = Debug|Any CPU
		{35B26989-D9EF-437D-999F-7FDB1FD93107}.Release|Any CPU.ActiveCfg = Release|Any CPU
		{35B26989-D9EF-437D-999F-7FDB1FD93107}.Release|Any CPU.Build.0 = Release|Any CPU
		{59F5D46A-1C30-4CBC-AA41-F5518D535298}.Debug|Any CPU.ActiveCfg = Debug|Any CPU
		{59F5D46A-1C30-4CBC-AA41-F5518D535298}.Debug|Any CPU.Build.0 = Debug|Any CPU
		{59F5D46A-1C30-4CBC-AA41-F5518D535298}.Release|Any CPU.ActiveCfg = Release|Any CPU
		{59F5D46A-1C30-4CBC-AA41-F5518D535298}.Release|Any CPU.Build.0 = Release|Any CPU
		{977BA1E4-C89D-46B7-80A5-12F3ADF439A6}.Debug|Any CPU.ActiveCfg = Debug|Any CPU
		{977BA1E4-C89D-46B7-80A5-12F3ADF439A6}.Debug|Any CPU.Build.0 = Debug|Any CPU
		{977BA1E4-C89D-46B7-80A5-12F3ADF439A6}.Release|Any CPU.ActiveCfg = Release|Any CPU
		{977BA1E4-C89D-46B7-80A5-12F3ADF439A6}.Release|Any CPU.Build.0 = Release|Any CPU
	EndGlobalSection
	GlobalSection(SolutionProperties) = preSolution
		HideSolutionNode = FALSE
	EndGlobalSection
	GlobalSection(NestedProjects) = preSolution
		{35B26989-D9EF-437D-999F-7FDB1FD93107} = {55A5B159-A92D-43C4-BE31-DAB4190ED9EF}
		{59F5D46A-1C30-4CBC-AA41-F5518D535298} = {55A5B159-A92D-43C4-BE31-DAB4190ED9EF}
		{977BA1E4-C89D-46B7-80A5-12F3ADF439A6} = {55A5B159-A92D-43C4-BE31-DAB4190ED9EF}
	EndGlobalSection
	GlobalSection(ExtensibilityGlobals) = postSolution
		SolutionGuid = {AB7BFBD8-6122-48D4-9862-5D4110185507}
	EndGlobalSection
EndGlobal
